// !$*UTF8*$!
{
	archiveVersion = 1;
	classes = {
	};
	objectVersion = 56;
	objects = {

/* Begin PBXBuildFile section */
		0969D2EC29F230C900AB4DD2 /* Colors.xcassets in Resources */ = {isa = PBXBuildFile; fileRef = 0969D2EB29F230C900AB4DD2 /* Colors.xcassets */; };
		0969D2EF29F235EB00AB4DD2 /* UIColor+.swift in Sources */ = {isa = PBXBuildFile; fileRef = 0969D2EE29F235EB00AB4DD2 /* UIColor+.swift */; };
		0969D2F129F2362E00AB4DD2 /* UIImage+.swift in Sources */ = {isa = PBXBuildFile; fileRef = 0969D2F029F2362E00AB4DD2 /* UIImage+.swift */; };
		0988FC2F29E975AB0065906C /* AppDelegate.swift in Sources */ = {isa = PBXBuildFile; fileRef = 0988FC2E29E975AB0065906C /* AppDelegate.swift */; };
		0988FC3129E975AB0065906C /* SceneDelegate.swift in Sources */ = {isa = PBXBuildFile; fileRef = 0988FC3029E975AB0065906C /* SceneDelegate.swift */; };
		0988FC3329E975AB0065906C /* ViewController.swift in Sources */ = {isa = PBXBuildFile; fileRef = 0988FC3229E975AB0065906C /* ViewController.swift */; };
		0988FC3629E975AB0065906C /* Main.storyboard in Resources */ = {isa = PBXBuildFile; fileRef = 0988FC3429E975AB0065906C /* Main.storyboard */; };
		0988FC3829E975AB0065906C /* Assets.xcassets in Resources */ = {isa = PBXBuildFile; fileRef = 0988FC3729E975AB0065906C /* Assets.xcassets */; };
		0988FC3B29E975AB0065906C /* LaunchScreen.storyboard in Resources */ = {isa = PBXBuildFile; fileRef = 0988FC3929E975AB0065906C /* LaunchScreen.storyboard */; };
/* End PBXBuildFile section */

/* Begin PBXFileReference section */
		0969D2EB29F230C900AB4DD2 /* Colors.xcassets */ = {isa = PBXFileReference; lastKnownFileType = folder.assetcatalog; path = Colors.xcassets; sourceTree = "<group>"; };
		0969D2EE29F235EB00AB4DD2 /* UIColor+.swift */ = {isa = PBXFileReference; lastKnownFileType = sourcecode.swift; path = "UIColor+.swift"; sourceTree = "<group>"; };
		0969D2F029F2362E00AB4DD2 /* UIImage+.swift */ = {isa = PBXFileReference; lastKnownFileType = sourcecode.swift; path = "UIImage+.swift"; sourceTree = "<group>"; };
		0988FC2B29E975AB0065906C /* SOPT_TVING.app */ = {isa = PBXFileReference; explicitFileType = wrapper.application; includeInIndex = 0; path = SOPT_TVING.app; sourceTree = BUILT_PRODUCTS_DIR; };
		0988FC2E29E975AB0065906C /* AppDelegate.swift */ = {isa = PBXFileReference; lastKnownFileType = sourcecode.swift; path = AppDelegate.swift; sourceTree = "<group>"; };
		0988FC3029E975AB0065906C /* SceneDelegate.swift */ = {isa = PBXFileReference; lastKnownFileType = sourcecode.swift; path = SceneDelegate.swift; sourceTree = "<group>"; };
		0988FC3229E975AB0065906C /* ViewController.swift */ = {isa = PBXFileReference; lastKnownFileType = sourcecode.swift; path = ViewController.swift; sourceTree = "<group>"; };
		0988FC3529E975AB0065906C /* Base */ = {isa = PBXFileReference; lastKnownFileType = file.storyboard; name = Base; path = Base.lproj/Main.storyboard; sourceTree = "<group>"; };
		0988FC3729E975AB0065906C /* Assets.xcassets */ = {isa = PBXFileReference; lastKnownFileType = folder.assetcatalog; path = Assets.xcassets; sourceTree = "<group>"; };
		0988FC3A29E975AB0065906C /* Base */ = {isa = PBXFileReference; lastKnownFileType = file.storyboard; name = Base; path = Base.lproj/LaunchScreen.storyboard; sourceTree = "<group>"; };
		0988FC3C29E975AB0065906C /* Info.plist */ = {isa = PBXFileReference; lastKnownFileType = text.plist.xml; path = Info.plist; sourceTree = "<group>"; };
/* End PBXFileReference section */

/* Begin PBXFrameworksBuildPhase section */
		0988FC2829E975AB0065906C /* Frameworks */ = {
			isa = PBXFrameworksBuildPhase;
			buildActionMask = 2147483647;
			files = (
			);
			runOnlyForDeploymentPostprocessing = 0;
		};
/* End PBXFrameworksBuildPhase section */

/* Begin PBXGroup section */
		0969D2E229F2303E00AB4DD2 /* Global */ = {
			isa = PBXGroup;
			children = (
				0969D2E829F2309600AB4DD2 /* Utils */,
				0969D2E729F2308F00AB4DD2 /* Resource */,
				0969D2E629F2308500AB4DD2 /* Protocol */,
				0969D2E529F2307600AB4DD2 /* Literals */,
				0969D2E429F2306D00AB4DD2 /* Extension */,
				0969D2E329F2305900AB4DD2 /* Delegate */,
				0988FC3029E975AB0065906C /* SceneDelegate.swift */,
				0988FC2E29E975AB0065906C /* AppDelegate.swift */,
			);
			path = Global;
			sourceTree = "<group>";
		};
		0969D2E329F2305900AB4DD2 /* Delegate */ = {
			isa = PBXGroup;
			children = (
			);
			name = Delegate;
			path = "딛ㅎㅁㅅㄷ";
			sourceTree = "<group>";
		};
		0969D2E429F2306D00AB4DD2 /* Extension */ = {
			isa = PBXGroup;
			children = (
				0969D2EE29F235EB00AB4DD2 /* UIColor+.swift */,
				0969D2F029F2362E00AB4DD2 /* UIImage+.swift */,
			);
			path = Extension;
			sourceTree = "<group>";
		};
		0969D2E529F2307600AB4DD2 /* Literals */ = {
			isa = PBXGroup;
			children = (
			);
			path = Literals;
			sourceTree = "<group>";
		};
		0969D2E629F2308500AB4DD2 /* Protocol */ = {
			isa = PBXGroup;
			children = (
			);
			path = Protocol;
			sourceTree = "<group>";
		};
		0969D2E729F2308F00AB4DD2 /* Resource */ = {
			isa = PBXGroup;
			children = (
				0969D2EA29F230B600AB4DD2 /* Colors */,
				0969D2ED29F230D000AB4DD2 /* Storyboard */,
				0969D2E929F230B000AB4DD2 /* Assets */,
			);
			path = Resource;
			sourceTree = "<group>";
		};
		0969D2E829F2309600AB4DD2 /* Utils */ = {
			isa = PBXGroup;
			children = (
			);
			path = Utils;
			sourceTree = "<group>";
		};
		0969D2E929F230B000AB4DD2 /* Assets */ = {
			isa = PBXGroup;
			children = (
				0988FC3729E975AB0065906C /* Assets.xcassets */,
			);
			path = Assets;
			sourceTree = "<group>";
		};
		0969D2EA29F230B600AB4DD2 /* Colors */ = {
			isa = PBXGroup;
			children = (
				0969D2EB29F230C900AB4DD2 /* Colors.xcassets */,
			);
			path = Colors;
			sourceTree = "<group>";
		};
		0969D2ED29F230D000AB4DD2 /* Storyboard */ = {
			isa = PBXGroup;
			children = (
				0988FC3429E975AB0065906C /* Main.storyboard */,
				0988FC3929E975AB0065906C /* LaunchScreen.storyboard */,
			);
			path = Storyboard;
			sourceTree = "<group>";
		};
		0988FC2229E975AB0065906C = {
			isa = PBXGroup;
			children = (
				0988FC2D29E975AB0065906C /* SOPT_TVING */,
				0988FC2C29E975AB0065906C /* Products */,
			);
			sourceTree = "<group>";
		};
		0988FC2C29E975AB0065906C /* Products */ = {
			isa = PBXGroup;
			children = (
				0988FC2B29E975AB0065906C /* SOPT_TVING.app */,
			);
			name = Products;
			sourceTree = "<group>";
		};
		0988FC2D29E975AB0065906C /* SOPT_TVING */ = {
			isa = PBXGroup;
			children = (
				0969D2E229F2303E00AB4DD2 /* Global */,
				0988FC3229E975AB0065906C /* ViewController.swift */,
				0988FC3C29E975AB0065906C /* Info.plist */,
			);
			path = SOPT_TVING;
			sourceTree = "<group>";
		};
/* End PBXGroup section */

/* Begin PBXNativeTarget section */
		0988FC2A29E975AB0065906C /* SOPT_TVING */ = {
			isa = PBXNativeTarget;
			buildConfigurationList = 0988FC3F29E975AB0065906C /* Build configuration list for PBXNativeTarget "SOPT_TVING" */;
			buildPhases = (
				0988FC2729E975AB0065906C /* Sources */,
				0988FC2829E975AB0065906C /* Frameworks */,
				0988FC2929E975AB0065906C /* Resources */,
			);
			buildRules = (
			);
			dependencies = (
			);
			name = SOPT_TVING;
			productName = SOPT_TVING;
			productReference = 0988FC2B29E975AB0065906C /* SOPT_TVING.app */;
			productType = "com.apple.product-type.application";
		};
/* End PBXNativeTarget section */

/* Begin PBXProject section */
		0988FC2329E975AB0065906C /* Project object */ = {
			isa = PBXProject;
			attributes = {
				BuildIndependentTargetsInParallel = 1;
				LastSwiftUpdateCheck = 1420;
				LastUpgradeCheck = 1420;
				TargetAttributes = {
					0988FC2A29E975AB0065906C = {
						CreatedOnToolsVersion = 14.2;
					};
				};
			};
			buildConfigurationList = 0988FC2629E975AB0065906C /* Build configuration list for PBXProject "SOPT_TVING" */;
			compatibilityVersion = "Xcode 14.0";
			developmentRegion = en;
			hasScannedForEncodings = 0;
			knownRegions = (
				en,
				Base,
			);
			mainGroup = 0988FC2229E975AB0065906C;
			productRefGroup = 0988FC2C29E975AB0065906C /* Products */;
			projectDirPath = "";
			projectRoot = "";
			targets = (
				0988FC2A29E975AB0065906C /* SOPT_TVING */,
			);
		};
/* End PBXProject section */

/* Begin PBXResourcesBuildPhase section */
		0988FC2929E975AB0065906C /* Resources */ = {
			isa = PBXResourcesBuildPhase;
			buildActionMask = 2147483647;
			files = (
				0988FC3B29E975AB0065906C /* LaunchScreen.storyboard in Resources */,
				0969D2EC29F230C900AB4DD2 /* Colors.xcassets in Resources */,
				0988FC3829E975AB0065906C /* Assets.xcassets in Resources */,
				0988FC3629E975AB0065906C /* Main.storyboard in Resources */,
			);
			runOnlyForDeploymentPostprocessing = 0;
		};
/* End PBXResourcesBuildPhase section */

/* Begin PBXSourcesBuildPhase section */
		0988FC2729E975AB0065906C /* Sources */ = {
			isa = PBXSourcesBuildPhase;
			buildActionMask = 2147483647;
			files = (
				0988FC3329E975AB0065906C /* ViewController.swift in Sources */,
				0969D2EF29F235EB00AB4DD2 /* UIColor+.swift in Sources */,
				0969D2F129F2362E00AB4DD2 /* UIImage+.swift in Sources */,
				0988FC2F29E975AB0065906C /* AppDelegate.swift in Sources */,
				0988FC3129E975AB0065906C /* SceneDelegate.swift in Sources */,
			);
			runOnlyForDeploymentPostprocessing = 0;
		};
/* End PBXSourcesBuildPhase section */

/* Begin PBXVariantGroup section */
		0988FC3429E975AB0065906C /* Main.storyboard */ = {
			isa = PBXVariantGroup;
			children = (
				0988FC3529E975AB0065906C /* Base */,
			);
			name = Main.storyboard;
			sourceTree = "<group>";
		};
		0988FC3929E975AB0065906C /* LaunchScreen.storyboard */ = {
			isa = PBXVariantGroup;
			children = (
				0988FC3A29E975AB0065906C /* Base */,
			);
			name = LaunchScreen.storyboard;
			sourceTree = "<group>";
		};
/* End PBXVariantGroup section */

/* Begin XCBuildConfiguration section */
		0988FC3D29E975AB0065906C /* Debug */ = {
			isa = XCBuildConfiguration;
			buildSettings = {
				ALWAYS_SEARCH_USER_PATHS = NO;
				CLANG_ANALYZER_NONNULL = YES;
				CLANG_ANALYZER_NUMBER_OBJECT_CONVERSION = YES_AGGRESSIVE;
				CLANG_CXX_LANGUAGE_STANDARD = "gnu++20";
				CLANG_ENABLE_MODULES = YES;
				CLANG_ENABLE_OBJC_ARC = YES;
				CLANG_ENABLE_OBJC_WEAK = YES;
				CLANG_WARN_BLOCK_CAPTURE_AUTORELEASING = YES;
				CLANG_WARN_BOOL_CONVERSION = YES;
				CLANG_WARN_COMMA = YES;
				CLANG_WARN_CONSTANT_CONVERSION = YES;
				CLANG_WARN_DEPRECATED_OBJC_IMPLEMENTATIONS = YES;
				CLANG_WARN_DIRECT_OBJC_ISA_USAGE = YES_ERROR;
				CLANG_WARN_DOCUMENTATION_COMMENTS = YES;
				CLANG_WARN_EMPTY_BODY = YES;
				CLANG_WARN_ENUM_CONVERSION = YES;
				CLANG_WARN_INFINITE_RECURSION = YES;
				CLANG_WARN_INT_CONVERSION = YES;
				CLANG_WARN_NON_LITERAL_NULL_CONVERSION = YES;
				CLANG_WARN_OBJC_IMPLICIT_RETAIN_SELF = YES;
				CLANG_WARN_OBJC_LITERAL_CONVERSION = YES;
				CLANG_WARN_OBJC_ROOT_CLASS = YES_ERROR;
				CLANG_WARN_QUOTED_INCLUDE_IN_FRAMEWORK_HEADER = YES;
				CLANG_WARN_RANGE_LOOP_ANALYSIS = YES;
				CLANG_WARN_STRICT_PROTOTYPES = YES;
				CLANG_WARN_SUSPICIOUS_MOVE = YES;
				CLANG_WARN_UNGUARDED_AVAILABILITY = YES_AGGRESSIVE;
				CLANG_WARN_UNREACHABLE_CODE = YES;
				CLANG_WARN__DUPLICATE_METHOD_MATCH = YES;
				COPY_PHASE_STRIP = NO;
				DEBUG_INFORMATION_FORMAT = dwarf;
				ENABLE_STRICT_OBJC_MSGSEND = YES;
				ENABLE_TESTABILITY = YES;
				GCC_C_LANGUAGE_STANDARD = gnu11;
				GCC_DYNAMIC_NO_PIC = NO;
				GCC_NO_COMMON_BLOCKS = YES;
				GCC_OPTIMIZATION_LEVEL = 0;
				GCC_PREPROCESSOR_DEFINITIONS = (
					"DEBUG=1",
					"$(inherited)",
				);
				GCC_WARN_64_TO_32_BIT_CONVERSION = YES;
				GCC_WARN_ABOUT_RETURN_TYPE = YES_ERROR;
				GCC_WARN_UNDECLARED_SELECTOR = YES;
				GCC_WARN_UNINITIALIZED_AUTOS = YES_AGGRESSIVE;
				GCC_WARN_UNUSED_FUNCTION = YES;
				GCC_WARN_UNUSED_VARIABLE = YES;
				IPHONEOS_DEPLOYMENT_TARGET = 16.2;
				MTL_ENABLE_DEBUG_INFO = INCLUDE_SOURCE;
				MTL_FAST_MATH = YES;
				ONLY_ACTIVE_ARCH = YES;
				SDKROOT = iphoneos;
				SWIFT_ACTIVE_COMPILATION_CONDITIONS = DEBUG;
				SWIFT_OPTIMIZATION_LEVEL = "-Onone";
			};
			name = Debug;
		};
		0988FC3E29E975AB0065906C /* Release */ = {
			isa = XCBuildConfiguration;
			buildSettings = {
				ALWAYS_SEARCH_USER_PATHS = NO;
				CLANG_ANALYZER_NONNULL = YES;
				CLANG_ANALYZER_NUMBER_OBJECT_CONVERSION = YES_AGGRESSIVE;
				CLANG_CXX_LANGUAGE_STANDARD = "gnu++20";
				CLANG_ENABLE_MODULES = YES;
				CLANG_ENABLE_OBJC_ARC = YES;
				CLANG_ENABLE_OBJC_WEAK = YES;
				CLANG_WARN_BLOCK_CAPTURE_AUTORELEASING = YES;
				CLANG_WARN_BOOL_CONVERSION = YES;
				CLANG_WARN_COMMA = YES;
				CLANG_WARN_CONSTANT_CONVERSION = YES;
				CLANG_WARN_DEPRECATED_OBJC_IMPLEMENTATIONS = YES;
				CLANG_WARN_DIRECT_OBJC_ISA_USAGE = YES_ERROR;
				CLANG_WARN_DOCUMENTATION_COMMENTS = YES;
				CLANG_WARN_EMPTY_BODY = YES;
				CLANG_WARN_ENUM_CONVERSION = YES;
				CLANG_WARN_INFINITE_RECURSION = YES;
				CLANG_WARN_INT_CONVERSION = YES;
				CLANG_WARN_NON_LITERAL_NULL_CONVERSION = YES;
				CLANG_WARN_OBJC_IMPLICIT_RETAIN_SELF = YES;
				CLANG_WARN_OBJC_LITERAL_CONVERSION = YES;
				CLANG_WARN_OBJC_ROOT_CLASS = YES_ERROR;
				CLANG_WARN_QUOTED_INCLUDE_IN_FRAMEWORK_HEADER = YES;
				CLANG_WARN_RANGE_LOOP_ANALYSIS = YES;
				CLANG_WARN_STRICT_PROTOTYPES = YES;
				CLANG_WARN_SUSPICIOUS_MOVE = YES;
				CLANG_WARN_UNGUARDED_AVAILABILITY = YES_AGGRESSIVE;
				CLANG_WARN_UNREACHABLE_CODE = YES;
				CLANG_WARN__DUPLICATE_METHOD_MATCH = YES;
				COPY_PHASE_STRIP = NO;
				DEBUG_INFORMATION_FORMAT = "dwarf-with-dsym";
				ENABLE_NS_ASSERTIONS = NO;
				ENABLE_STRICT_OBJC_MSGSEND = YES;
				GCC_C_LANGUAGE_STANDARD = gnu11;
				GCC_NO_COMMON_BLOCKS = YES;
				GCC_WARN_64_TO_32_BIT_CONVERSION = YES;
				GCC_WARN_ABOUT_RETURN_TYPE = YES_ERROR;
				GCC_WARN_UNDECLARED_SELECTOR = YES;
				GCC_WARN_UNINITIALIZED_AUTOS = YES_AGGRESSIVE;
				GCC_WARN_UNUSED_FUNCTION = YES;
				GCC_WARN_UNUSED_VARIABLE = YES;
				IPHONEOS_DEPLOYMENT_TARGET = 16.2;
				MTL_ENABLE_DEBUG_INFO = NO;
				MTL_FAST_MATH = YES;
				SDKROOT = iphoneos;
				SWIFT_COMPILATION_MODE = wholemodule;
				SWIFT_OPTIMIZATION_LEVEL = "-O";
				VALIDATE_PRODUCT = YES;
			};
			name = Release;
		};
		0988FC4029E975AB0065906C /* Debug */ = {
			isa = XCBuildConfiguration;
			buildSettings = {
				ASSETCATALOG_COMPILER_APPICON_NAME = AppIcon;
				ASSETCATALOG_COMPILER_GLOBAL_ACCENT_COLOR_NAME = AccentColor;
				CODE_SIGN_STYLE = Automatic;
				CURRENT_PROJECT_VERSION = 1;
				DEVELOPMENT_TEAM = ZLLGCJ8XUL;
				GENERATE_INFOPLIST_FILE = YES;
				INFOPLIST_FILE = SOPT_TVING/Info.plist;
				INFOPLIST_KEY_UIApplicationSupportsIndirectInputEvents = YES;
				INFOPLIST_KEY_UILaunchStoryboardName = LaunchScreen;
				INFOPLIST_KEY_UIMainStoryboardFile = Main;
				INFOPLIST_KEY_UISupportedInterfaceOrientations_iPad = "UIInterfaceOrientationPortrait UIInterfaceOrientationPortraitUpsideDown UIInterfaceOrientationLandscapeLeft UIInterfaceOrientationLandscapeRight";
				INFOPLIST_KEY_UISupportedInterfaceOrientations_iPhone = "UIInterfaceOrientationPortrait UIInterfaceOrientationLandscapeLeft UIInterfaceOrientationLandscapeRight";
				LD_RUNPATH_SEARCH_PATHS = (
					"$(inherited)",
					"@executable_path/Frameworks",
				);
				MARKETING_VERSION = 1.0;
				PRODUCT_BUNDLE_IDENTIFIER = "jeuniii.org.SOPT-TVING";
				PRODUCT_NAME = "$(TARGET_NAME)";
				SWIFT_EMIT_LOC_STRINGS = YES;
				SWIFT_VERSION = 5.0;
				TARGETED_DEVICE_FAMILY = "1,2";
			};
			name = Debug;
		};
		0988FC4129E975AB0065906C /* Release */ = {
			isa = XCBuildConfiguration;
			buildSettings = {
				ASSETCATALOG_COMPILER_APPICON_NAME = AppIcon;
				ASSETCATALOG_COMPILER_GLOBAL_ACCENT_COLOR_NAME = AccentColor;
				CODE_SIGN_STYLE = Automatic;
				CURRENT_PROJECT_VERSION = 1;
				DEVELOPMENT_TEAM = ZLLGCJ8XUL;
				GENERATE_INFOPLIST_FILE = YES;
				INFOPLIST_FILE = SOPT_TVING/Info.plist;
				INFOPLIST_KEY_UIApplicationSupportsIndirectInputEvents = YES;
				INFOPLIST_KEY_UILaunchStoryboardName = LaunchScreen;
				INFOPLIST_KEY_UIMainStoryboardFile = Main;
				INFOPLIST_KEY_UISupportedInterfaceOrientations_iPad = "UIInterfaceOrientationPortrait UIInterfaceOrientationPortraitUpsideDown UIInterfaceOrientationLandscapeLeft UIInterfaceOrientationLandscapeRight";
				INFOPLIST_KEY_UISupportedInterfaceOrientations_iPhone = "UIInterfaceOrientationPortrait UIInterfaceOrientationLandscapeLeft UIInterfaceOrientationLandscapeRight";
				LD_RUNPATH_SEARCH_PATHS = (
					"$(inherited)",
					"@executable_path/Frameworks",
				);
				MARKETING_VERSION = 1.0;
				PRODUCT_BUNDLE_IDENTIFIER = "jeuniii.org.SOPT-TVING";
				PRODUCT_NAME = "$(TARGET_NAME)";
				SWIFT_EMIT_LOC_STRINGS = YES;
				SWIFT_VERSION = 5.0;
				TARGETED_DEVICE_FAMILY = "1,2";
			};
			name = Release;
		};
/* End XCBuildConfiguration section */

/* Begin XCConfigurationList section */
		0988FC2629E975AB0065906C /* Build configuration list for PBXProject "SOPT_TVING" */ = {
			isa = XCConfigurationList;
			buildConfigurations = (
				0988FC3D29E975AB0065906C /* Debug */,
				0988FC3E29E975AB0065906C /* Release */,
			);
			defaultConfigurationIsVisible = 0;
			defaultConfigurationName = Release;
		};
		0988FC3F29E975AB0065906C /* Build configuration list for PBXNativeTarget "SOPT_TVING" */ = {
			isa = XCConfigurationList;
			buildConfigurations = (
				0988FC4029E975AB0065906C /* Debug */,
				0988FC4129E975AB0065906C /* Release */,
			);
			defaultConfigurationIsVisible = 0;
			defaultConfigurationName = Release;
		};
/* End XCConfigurationList section */
	};
	rootObject = 0988FC2329E975AB0065906C /* Project object */;
}
